
Microsoft Visual Studio Solution File, Format Version 12.00
# Visual Studio Version 17
VisualStudioVersion = 17.7.34031.279
MinimumVisualStudioVersion = 10.0.40219.1
Project("{FAE04EC0-301F-11D3-BF4B-00C04F79EFBC}") = "Week-8EpicGame", "Week-8EpicGame\Week-8EpicGame.csproj", "{BDDA2559-5C31-45B6-997E-52FCBEE1D077}"
EndProject
Global
	GlobalSection(SolutionConfigurationPlatforms) = preSolution
		Debug|Any CPU = Debug|Any CPU
		Release|Any CPU = Release|Any CPU
	EndGlobalSection
	GlobalSection(ProjectConfigurationPlatforms) = postSolution
		{BDDA2559-5C31-45B6-997E-52FCBEE1D077}.Debug|Any CPU.ActiveCfg = Debug|Any CPU
		{BDDA2559-5C31-45B6-997E-52FCBEE1D077}.Debug|Any CPU.Build.0 = Debug|Any CPU
		{BDDA2559-5C31-45B6-997E-52FCBEE1D077}.Release|Any CPU.ActiveCfg = Release|Any CPU
		{BDDA2559-5C31-45B6-997E-52FCBEE1D077}.Release|Any CPU.Build.0 = Release|Any CPU
	EndGlobalSection
	GlobalSection(SolutionProperties) = preSolution
		HideSolutionNode = FALSE
	EndGlobalSection
	GlobalSection(ExtensibilityGlobals) = postSolution
		SolutionGuid = {417C0DEF-5838-4869-9AE4-3F384D5D1199}
	EndGlobalSection
EndGlobal
